# This file is autogenerated, do not edit; changes may be undone by the next 'dep ensure'.


[[projects]]
  branch = "master"
  digest = "1:7b274cc72af687fe6eb618acd83b9601c4317fbe5ac1dfb41cc116e3495f68b0"
  name = "github.com/cyberdelia/go-metrics-graphite"
  packages = ["."]
  pruneopts = "UT"
  revision = "39f87cc3b432bbb898d7c643c0e93cac2bc865ad"

[[projects]]
  branch = "master"
  digest = "1:d38f81081a389f1466ec98192cf9115a82158854d6f01e1c23e2e7554b97db71"
  name = "github.com/rcrowley/go-metrics"
  packages = ["."]
  pruneopts = "UT"
  revision = "3113b8401b8a98917cde58f8bbd42a1b1c03b1fd"

[solve-meta]
  analyzer-name = "dep"
  analyzer-version = 1
  input-imports = [
    "github.com/cyberdelia/go-metrics-graphite",
    "github.com/rcrowley/go-metrics",
  ]
  solver-name = "gps-cdcl"
  solver-version = 1
